# This file is automatically @generated by Cargo.
# It is not intended for manual editing.
version = 4

[[package]]
name = "cachew"
version = "0.1.0"
source = "git+https://github.com/SuccessfullyFailed/cachew.git#03854d37793219d1369c00bf77ebd1e86b561a16"

[[package]]
name = "crate_manager"
version = "0.1.0"
dependencies = [
 "cachew",
 "file_ref",
 "glyph_kit",
]

[[package]]
name = "file_ref"
version = "0.1.0"
source = "git+https://github.com/SuccessfullyFailed/file_ref.git#96dce7209b738ee811c36ea7a418ed10a29927c6"

[[package]]
name = "glyph_kit"
version = "0.1.0"
source = "git+https://github.com/SuccessfullyFailed/glyph_kit.git#ad8a33ace6da2a8f0928141eff5dc9a47c8d2583"
